
Microsoft Visual Studio Solution File, Format Version 12.00
# Visual Studio Version 17
VisualStudioVersion = 17.1.32407.343
MinimumVisualStudioVersion = 10.0.40219.1
Project("{FAE04EC0-301F-11D3-BF4B-00C04F79EFBC}") = "OurFirstApplicaton", "OurFirstApplicaton.csproj", "{EC044E55-6DB5-4049-BE20-48C3D9C00CCD}"
EndProject
Global
	GlobalSection(SolutionConfigurationPlatforms) = preSolution
		Debug|Any CPU = Debug|Any CPU
		Release|Any CPU = Release|Any CPU
	EndGlobalSection
	GlobalSection(ProjectConfigurationPlatforms) = postSolution
		{EC044E55-6DB5-4049-BE20-48C3D9C00CCD}.Debug|Any CPU.ActiveCfg = Debug|Any CPU
		{EC044E55-6DB5-4049-BE20-48C3D9C00CCD}.Debug|Any CPU.Build.0 = Debug|Any CPU
		{EC044E55-6DB5-4049-BE20-48C3D9C00CCD}.Release|Any CPU.ActiveCfg = Release|Any CPU
		{EC044E55-6DB5-4049-BE20-48C3D9C00CCD}.Release|Any CPU.Build.0 = Release|Any CPU
	EndGlobalSection
	GlobalSection(SolutionProperties) = preSolution
		HideSolutionNode = FALSE
	EndGlobalSection
	GlobalSection(ExtensibilityGlobals) = postSolution
		SolutionGuid = {C66E18AE-2DE6-4DA2-B235-C7768DC17895}
	EndGlobalSection
EndGlobal
